lockfileVersion: '9.0'

settings:
  autoInstallPeers: true
  excludeLinksFromLockfile: false

importers:

  .:
    dependencies:
      '@cfworker/json-schema':
        specifier: ^4.1.1
        version: 4.1.1
      '@exodus/schemasafe':
        specifier: ^1.3.0
        version: 1.3.0
      ajv:
        specifier: ^8.20.0
        version: 8.20.0
      djv:
        specifier: ^2.1.4
        version: 2.1.4
      is-my-json-valid:
        specifier: ^2.20.6
        version: 2.20.6
      jsen:
        specifier: ^0.6.6
        version: 0.6.6
      json-schema-library:
        specifier: ^11.6.2
        version: 11.6.2
      json-schema-test-suite:
        specifier: github:json-schema-org/JSON-Schema-Test-Suite#5b0ee1613e45fcc2bddac00e07c19cd49b00d8a8
        version: https://codeload.github.com/json-schema-org/JSON-Schema-Test-Suite/tar.gz/5b0ee1613e45fcc2bddac00e07c19cd49b00d8a8
      jsonschema:
        specifier: ^1.5.0
        version: 1.5.0
      tinybench:
        specifier: ^6.2.0
        version: 6.2.0
      tv4:
        specifier: ^1.3.0
        version: 1.3.0
      z-schema:
        specifier: ^12.4.6
        version: 12.4.6

packages:

  '@cfworker/json-schema@4.1.1':
    resolution: {integrity: sha512-gAmrUZSGtKc3AiBL71iNWxDsyUC5uMaKKGdvzYsBoTW/xi42JQHl7eKV2OYzCUqvc+D2RCcf7EXY2iCyFIk6og==}

  '@exodus/schemasafe@1.3.0':
    resolution: {integrity: sha512-5Aap/GaRupgNx/feGBwLLTVv8OQFfv3pq2lPRzPg9R+IOBnDgghTGW7l7EuVXOvg5cc/xSAlRW8rBrjIC3Nvqw==}

  '@hyperjump/json-schema-formats@1.0.7':
    resolution: {integrity: sha512-5KmK9p/KbHYcDYA+Fqbfgk0IEwiv72MCMm5mzXPf4oQBDXRiy21v8iZPckeqb/KHO+lk8fKKcHL+3cftmHei6g==}

  '@hyperjump/uri@1.3.6':
    resolution: {integrity: sha512-9a2/wOIp666Veq1a8QctYPRtyFHH0p1yw8Nt/DEf06M+eDpwBpeuc2rGqqjBthENTOy1NyJ/xhSiDtkjU5LfKA==}

  '@korzio/djv-draft-04@2.0.1':
    resolution: {integrity: sha512-MeTVcNsfCIYxK6T7jW1sroC7dBAb4IfLmQe6RoCqlxHN5NFkzNpgdnBPR+/0D2wJDUJHM9s9NQv+ouhxKjvUjg==}

  '@sagold/json-pointer@7.2.1':
    resolution: {integrity: sha512-8EX4r5Royl5M3qNPTh5W5njdOtRqbWgQfVv26DbzjGj2/55b60EqvbiqUIglzw7fADfY/Io6jDJxGNJHmC+g8g==}

  ajv@8.20.0:
    resolution: {integrity: sha512-Thbli+OlOj+iMPYFBVBfJ3OmCAnaSyNn4M1vz9T6Gka5Jt9ba/HIR56joy65tY6kx/FCF5VXNB819Y7/GUrBGA==}

  commander@15.0.0:
    resolution: {integrity: sha512-z67u4ZhzCL/Tydu1lJARtEZYWbWaN7oYLHbsuzocr6y4N6WZAagG3RQ4FW61V1/0+jImpj293XfrcYnd1qxtPg==}
    engines: {node: '>=22.12.0'}

  djv@2.1.4:
    resolution: {integrity: sha512-giDn+BVbtLlwtkvtcsZjbjzpALHB77skiv3FIu6Wp8b5j8BunDcVJYH0cGUaexp6s0Sb7IkquXXjsLBJhXwQpA==}

  fast-copy@4.1.1:
    resolution: {integrity: sha512-A4QTJmuiztpGtr6AMeJts9R4hbj2ZBUwtOaKrG6rw2y7t6+IaJKjz5M3XDs8BUznxDH43FVc6A0y/gWlMl4UtA==}

  fast-deep-equal@3.1.3:
    resolution: {integrity: sha512-f3qQ9oQy9j2AhBe/H9VC91wLmKBCCU/gDOnKNAYG5hswO7BLKj09Hc5HYNz9cGI++xlpDCIgDaitVs03ATR84Q==}

  fast-uri@3.1.8:
    resolution: {integrity: sha512-GZMtZUTNRpOVIECoXwLNZS5xUGE+mVNbTB8h/7Rwh2TFWcBQiPzTgyZi05BF9UMZKkLJv8XBRJTlU7zg8+ZfMg==}

  generate-function@2.3.1:
    resolution: {integrity: sha512-eeB5GfMNeevm/GRYq20ShmsaGcmI81kIX2K9XQx5miC8KdHaC6Jm0qQ8ZNeGOi7wYB8OsdxKs+Y2oVuTFuVwKQ==}

  generate-object-property@1.2.0:
    resolution: {integrity: sha512-TuOwZWgJ2VAMEGJvAyPWvpqxSANF0LDpmyHauMjFYzaACvn+QTT/AZomvPCzVBV7yDN3OmwHQ5OvHaeLKre3JQ==}

  idn-hostname@15.1.19:
    resolution: {integrity: sha512-pRGRbFpQWCptOBWw9Gn5DXtPdern5/XtdkcXdoEavjd+sh72jNm2eVI1eeysp64UisXPfaqoQrnLUKpSN4hJWw==}
    engines: {node: '>=20.12.0 <21 || >=22.0.0'}

  is-my-ip-valid@1.0.1:
    resolution: {integrity: sha512-jxc8cBcOWbNK2i2aTkCZP6i7wkHF1bqKFrwEHuN5Jtg5BSaZHUZQ/JTOJwoV41YvHnOaRyWWh72T/KvfNz9DJg==}

  is-my-json-valid@2.20.6:
    resolution: {integrity: sha512-1JQwulVNjx8UqkPE/bqDaxtH4PXCe/2VRh/y3p99heOV87HG4Id5/VfDswd+YiAfHcRTfDlWgISycnHuhZq1aw==}

  is-property@1.0.2:
    resolution: {integrity: sha512-Ks/IoX00TtClbGQr4TWXemAnktAQvYB7HzcCxDGqEZU6oCmb2INHuOoKxbtR+HFkmYWBKv/dOZtGRiAjDhj92g==}

  jsen@0.6.6:
    resolution: {integrity: sha512-Kq9+wZsdGd/VrCw67vS38HkBFVg6pikAtL9lA8SQvKzlaxV/d2ot87BabQ6b+QH1EsjCCV4l/+14Gq+1kwdkCg==}

  json-schema-library@11.6.2:
    resolution: {integrity: sha512-BwvoJfc6RNrYRxQ9AujaTMaLdQosdceRe0huKMnnIJa2b4QZlnmPgQm7iUMoyxS2ioTsTMVPWjuoqvFYF0HZ4Q==}

  json-schema-test-suite@https://codeload.github.com/json-schema-org/JSON-Schema-Test-Suite/tar.gz/5b0ee1613e45fcc2bddac00e07c19cd49b00d8a8:
    resolution: {tarball: https://codeload.github.com/json-schema-org/JSON-Schema-Test-Suite/tar.gz/5b0ee1613e45fcc2bddac00e07c19cd49b00d8a8}
    version: 0.1.0

  json-schema-traverse@1.0.0:
    resolution: {integrity: sha512-NM8/P9n3XjXhIZn1lLhkFaACTOURQXjWhV4BA/RnOv8xvgqtqpAX9IO4mRQxSx1Rlo4tqzeqb0sOlruaOy3dug==}

  jsonpointer@5.0.1:
    resolution: {integrity: sha512-p/nXbhSEcu3pZRdkW1OfJhpsVtW1gd4Wa1fnQc9YLiTfAjn0312eMKimbdIQzuZl9aa9xUGaRlP9T/CJE/ditQ==}
    engines: {node: '>=0.10.0'}

  jsonschema@1.5.0:
    resolution: {integrity: sha512-K+A9hhqbn0f3pJX17Q/7H6yQfD/5OXgdrR5UE12gMXCiN9D5Xq2o5mddV2QEcX/bjla99ASsAAQUyMCCRWAEhw==}

  punycode@2.3.1:
    resolution: {integrity: sha512-vYt7UD1U9Wg6138shLtLOvdAu+8DsC/ilFtEVHcH+wydcSpNE20AfSOduf6MkRFahL5FY7X1oU7nKVZFtfq8Fg==}
    engines: {node: '>=6'}

  require-from-string@2.0.2:
    resolution: {integrity: sha512-Xf0nWe6RseziFMu+Ap9biiUbmplq6S9/p+7w7YXP/JBHhrUDDUhwa+vANyubuqfZWTveU//DYVGsDG7RKL/vEw==}
    engines: {node: '>=0.10.0'}

  ret@0.5.0:
    resolution: {integrity: sha512-I1XxrZSQ+oErkRR4jYbAyEEu2I0avBvvMM5JN+6EBprOGRCs63ENqZ3vjavq8fBw2+62G5LF5XelKwuJpcvcxw==}
    engines: {node: '>=10'}

  safe-regex2@5.1.1:
    resolution: {integrity: sha512-mOSBvHGDZMuIEZMdOz/aCEYDCv0E7nfcNsIhUF+/P+xC7Hyf3FkvymqgPbg9D1EdSGu+uKbJgy09K/RKKc7kJA==}
    hasBin: true

  tinybench@6.2.0:
    resolution: {integrity: sha512-78U2TlB2CnVenajOFzf3BKSm0J6oz5L0NV7g32LCPccvYc0lbWvys4d3uUUCS2B1N8PAf2+aekR8i1KbC3HO7Q==}
    engines: {node: '>=20.0.0'}

  tv4@1.3.0:
    resolution: {integrity: sha512-afizzfpJgvPr+eDkREK4MxJ/+r8nEEHcmitwgnPUqpaP+FpwQyadnxNoSACbgc/b1LsZYtODGoPiFxQrgJgjvw==}
    engines: {node: '>= 0.8.0'}

  uri-js@4.4.1:
    resolution: {integrity: sha512-7rKUyy33Q1yc98pQ1DAmLtwX109F7TIfWlW1Ydo8Wl1ii1SeHieeh0HHfPeL2fMXK6z0s8ecKs9frCuLJvndBg==}

  valid-url@1.0.9:
    resolution: {integrity: sha512-QQDsV8OnSf5Uc30CKSwG9lnhMPe6exHtTXLRYX8uMwKENy640pU+2BgBL0LRbDh/eYRahNCS7aewCx0wf3NYVA==}

  validator@13.15.35:
    resolution: {integrity: sha512-TQ5pAGhd5whStmqWvYF4OjQROlmv9SMFVt37qoCBdqRffuuklWYQlCNnEs2ZaIBD1kZRNnikiZOS1eqgkar0iw==}
    engines: {node: '>= 0.10'}

  xtend@4.0.2:
    resolution: {integrity: sha512-LKYU1iAXJXUgAXn9URjiu+MWhyUXHsvfp7mcuYm9dSUKK0/CjtrUwFAxD82/mCWbtLsGjFIad0wIsod4zrTAEQ==}
    engines: {node: '>=0.4'}

  z-schema@12.4.6:
    resolution: {integrity: sha512-jFh7aWwpGeyBAHFcwVPQ1GtS4d1AwhnTmSBtc/m/WtlA5XqCLlzAXu7rIZhKFXQ/iDfg8vEDQxmfWPh0OEJLAw==}
    engines: {node: '>=22.0.0'}
    hasBin: true

snapshots:

  '@cfworker/json-schema@4.1.1': {}

  '@exodus/schemasafe@1.3.0': {}

  '@hyperjump/json-schema-formats@1.0.7':
    dependencies:
      '@hyperjump/uri': 1.3.6
      idn-hostname: 15.1.19

  '@hyperjump/uri@1.3.6': {}

  '@korzio/djv-draft-04@2.0.1':
    optional: true

  '@sagold/json-pointer@7.2.1': {}

  ajv@8.20.0:
    dependencies:
      fast-deep-equal: 3.1.3
      fast-uri: 3.1.8
      json-schema-traverse: 1.0.0
      require-from-string: 2.0.2

  commander@15.0.0:
    optional: true

  djv@2.1.4:
    optionalDependencies:
      '@korzio/djv-draft-04': 2.0.1

  fast-copy@4.1.1: {}

  fast-deep-equal@3.1.3: {}

  fast-uri@3.1.8: {}

  generate-function@2.3.1:
    dependencies:
      is-property: 1.0.2

  generate-object-property@1.2.0:
    dependencies:
      is-property: 1.0.2

  idn-hostname@15.1.19:
    dependencies:
      punycode: 2.3.1

  is-my-ip-valid@1.0.1: {}

  is-my-json-valid@2.20.6:
    dependencies:
      generate-function: 2.3.1
      generate-object-property: 1.2.0
      is-my-ip-valid: 1.0.1
      jsonpointer: 5.0.1
      xtend: 4.0.2

  is-property@1.0.2: {}

  jsen@0.6.6: {}

  json-schema-library@11.6.2:
    dependencies:
      '@hyperjump/json-schema-formats': 1.0.7
      '@sagold/json-pointer': 7.2.1
      fast-copy: 4.1.1
      fast-deep-equal: 3.1.3
      uri-js: 4.4.1
      valid-url: 1.0.9

  json-schema-test-suite@https://codeload.github.com/json-schema-org/JSON-Schema-Test-Suite/tar.gz/5b0ee1613e45fcc2bddac00e07c19cd49b00d8a8: {}

  json-schema-traverse@1.0.0: {}

  jsonpointer@5.0.1: {}

  jsonschema@1.5.0: {}

  punycode@2.3.1: {}

  require-from-string@2.0.2: {}

  ret@0.5.0: {}

  safe-regex2@5.1.1:
    dependencies:
      ret: 0.5.0

  tinybench@6.2.0: {}

  tv4@1.3.0: {}

  uri-js@4.4.1:
    dependencies:
      punycode: 2.3.1

  valid-url@1.0.9: {}

  validator@13.15.35: {}

  xtend@4.0.2: {}

  z-schema@12.4.6:
    dependencies:
      punycode: 2.3.1
      safe-regex2: 5.1.1
      validator: 13.15.35
    optionalDependencies:
      commander: 15.0.0
